
Microsoft Visual Studio Solution File, Format Version 12.00
# Visual Studio Version 17
VisualStudioVersion = 17.8.34309.116
MinimumVisualStudioVersion = 10.0.40219.1
Project("{FAE04EC0-301F-11D3-BF4B-00C04F79EFBC}") = "WebApplication6", "WebApplication6\WebApplication6.csproj", "{9E436B6B-FBAA-4E74-892C-6B2B7E435689}"
EndProject
Global
	GlobalSection(SolutionConfigurationPlatforms) = preSolution
		Debug|Any CPU = Debug|Any CPU
		Release|Any CPU = Release|Any CPU
	EndGlobalSection
	GlobalSection(ProjectConfigurationPlatforms) = postSolution
		{9E436B6B-FBAA-4E74-892C-6B2B7E435689}.Debug|Any CPU.ActiveCfg = Debug|Any CPU
		{9E436B6B-FBAA-4E74-892C-6B2B7E435689}.Debug|Any CPU.Build.0 = Debug|Any CPU
		{9E436B6B-FBAA-4E74-892C-6B2B7E435689}.Release|Any CPU.ActiveCfg = Release|Any CPU
		{9E436B6B-FBAA-4E74-892C-6B2B7E435689}.Release|Any CPU.Build.0 = Release|Any CPU
	EndGlobalSection
	GlobalSection(SolutionProperties) = preSolution
		HideSolutionNode = FALSE
	EndGlobalSection
	GlobalSection(ExtensibilityGlobals) = postSolution
		SolutionGuid = {7A6504BF-C3D1-48C0-95C6-363F229B1D32}
	EndGlobalSection
EndGlobal
