
Microsoft Visual Studio Solution File, Format Version 12.00
# Visual Studio Version 17
VisualStudioVersion = 17.8.34309.116
MinimumVisualStudioVersion = 10.0.40219.1
Project("{FAE04EC0-301F-11D3-BF4B-00C04F79EFBC}") = "Databasefirstapproach", "Databasefirstapproach\Databasefirstapproach.csproj", "{63F70F7E-B770-4AC7-87E0-FC03BFD15BBE}"
EndProject
Global
	GlobalSection(SolutionConfigurationPlatforms) = preSolution
		Debug|Any CPU = Debug|Any CPU
		Release|Any CPU = Release|Any CPU
	EndGlobalSection
	GlobalSection(ProjectConfigurationPlatforms) = postSolution
		{63F70F7E-B770-4AC7-87E0-FC03BFD15BBE}.Debug|Any CPU.ActiveCfg = Debug|Any CPU
		{63F70F7E-B770-4AC7-87E0-FC03BFD15BBE}.Debug|Any CPU.Build.0 = Debug|Any CPU
		{63F70F7E-B770-4AC7-87E0-FC03BFD15BBE}.Release|Any CPU.ActiveCfg = Release|Any CPU
		{63F70F7E-B770-4AC7-87E0-FC03BFD15BBE}.Release|Any CPU.Build.0 = Release|Any CPU
	EndGlobalSection
	GlobalSection(SolutionProperties) = preSolution
		HideSolutionNode = FALSE
	EndGlobalSection
	GlobalSection(ExtensibilityGlobals) = postSolution
		SolutionGuid = {47B7E072-BC00-4307-8595-E82447D28F55}
	EndGlobalSection
EndGlobal
