
Microsoft Visual Studio Solution File, Format Version 12.00
# Visual Studio Version 17
VisualStudioVersion = 17.8.34309.116
MinimumVisualStudioVersion = 10.0.40219.1
Project("{FAE04EC0-301F-11D3-BF4B-00C04F79EFBC}") = "WebApplication5", "WebApplication5\WebApplication5.csproj", "{CA36B564-8FC0-48F1-88BF-5364BA77FC40}"
EndProject
Global
	GlobalSection(SolutionConfigurationPlatforms) = preSolution
		Debug|Any CPU = Debug|Any CPU
		Release|Any CPU = Release|Any CPU
	EndGlobalSection
	GlobalSection(ProjectConfigurationPlatforms) = postSolution
		{CA36B564-8FC0-48F1-88BF-5364BA77FC40}.Debug|Any CPU.ActiveCfg = Debug|Any CPU
		{CA36B564-8FC0-48F1-88BF-5364BA77FC40}.Debug|Any CPU.Build.0 = Debug|Any CPU
		{CA36B564-8FC0-48F1-88BF-5364BA77FC40}.Release|Any CPU.ActiveCfg = Release|Any CPU
		{CA36B564-8FC0-48F1-88BF-5364BA77FC40}.Release|Any CPU.Build.0 = Release|Any CPU
	EndGlobalSection
	GlobalSection(SolutionProperties) = preSolution
		HideSolutionNode = FALSE
	EndGlobalSection
	GlobalSection(ExtensibilityGlobals) = postSolution
		SolutionGuid = {8C3FEEB7-9C2E-498E-9F57-04A78FB897D9}
	EndGlobalSection
EndGlobal
