
Microsoft Visual Studio Solution File, Format Version 12.00
# Visual Studio Version 17
VisualStudioVersion = 17.8.34309.116
MinimumVisualStudioVersion = 10.0.40219.1
Project("{FAE04EC0-301F-11D3-BF4B-00C04F79EFBC}") = "Speridian.EMS.PresentationLayer", "Speridian.EMS.PresentationLayer\Speridian.EMS.PresentationLayer.csproj", "{9ABD4E70-9515-4EB6-A611-77E9325F07D5}"
EndProject
Project("{FAE04EC0-301F-11D3-BF4B-00C04F79EFBC}") = "Speridian.EMS.BusinessLayer", "Speridian.EMS.BusinessLayer\Speridian.EMS.BusinessLayer.csproj", "{2F239E11-238C-42DC-98B4-07413C2B6D93}"
EndProject
Project("{FAE04EC0-301F-11D3-BF4B-00C04F79EFBC}") = "Speridian.EMS.DAL", "Speridian.EMS.DAL\Speridian.EMS.DAL.csproj", "{7C046EF1-01A5-489D-961D-9239820EE57B}"
EndProject
Project("{FAE04EC0-301F-11D3-BF4B-00C04F79EFBC}") = "Speridian.EMS.Entities", "Speridian.EMS.Entities\Speridian.EMS.Entities.csproj", "{A4F79CA4-C772-45CF-B96D-6A897230DE37}"
EndProject
Project("{FAE04EC0-301F-11D3-BF4B-00C04F79EFBC}") = "Speridian.EMS.Exceptions", "Speridian.EMS.Exceptions\Speridian.EMS.Exceptions.csproj", "{0E30491B-E646-4409-9A19-0894370D5767}"
EndProject
Global
	GlobalSection(SolutionConfigurationPlatforms) = preSolution
		Debug|Any CPU = Debug|Any CPU
		Release|Any CPU = Release|Any CPU
	EndGlobalSection
	GlobalSection(ProjectConfigurationPlatforms) = postSolution
		{9ABD4E70-9515-4EB6-A611-77E9325F07D5}.Debug|Any CPU.ActiveCfg = Debug|Any CPU
		{9ABD4E70-9515-4EB6-A611-77E9325F07D5}.Debug|Any CPU.Build.0 = Debug|Any CPU
		{9ABD4E70-9515-4EB6-A611-77E9325F07D5}.Release|Any CPU.ActiveCfg = Release|Any CPU
		{9ABD4E70-9515-4EB6-A611-77E9325F07D5}.Release|Any CPU.Build.0 = Release|Any CPU
		{2F239E11-238C-42DC-98B4-07413C2B6D93}.Debug|Any CPU.ActiveCfg = Debug|Any CPU
		{2F239E11-238C-42DC-98B4-07413C2B6D93}.Debug|Any CPU.Build.0 = Debug|Any CPU
		{2F239E11-238C-42DC-98B4-07413C2B6D93}.Release|Any CPU.ActiveCfg = Release|Any CPU
		{2F239E11-238C-42DC-98B4-07413C2B6D93}.Release|Any CPU.Build.0 = Release|Any CPU
		{7C046EF1-01A5-489D-961D-9239820EE57B}.Debug|Any CPU.ActiveCfg = Debug|Any CPU
		{7C046EF1-01A5-489D-961D-9239820EE57B}.Debug|Any CPU.Build.0 = Debug|Any CPU
		{7C046EF1-01A5-489D-961D-9239820EE57B}.Release|Any CPU.ActiveCfg = Release|Any CPU
		{7C046EF1-01A5-489D-961D-9239820EE57B}.Release|Any CPU.Build.0 = Release|Any CPU
		{A4F79CA4-C772-45CF-B96D-6A897230DE37}.Debug|Any CPU.ActiveCfg = Debug|Any CPU
		{A4F79CA4-C772-45CF-B96D-6A897230DE37}.Debug|Any CPU.Build.0 = Debug|Any CPU
		{A4F79CA4-C772-45CF-B96D-6A897230DE37}.Release|Any CPU.ActiveCfg = Release|Any CPU
		{A4F79CA4-C772-45CF-B96D-6A897230DE37}.Release|Any CPU.Build.0 = Release|Any CPU
		{0E30491B-E646-4409-9A19-0894370D5767}.Debug|Any CPU.ActiveCfg = Debug|Any CPU
		{0E30491B-E646-4409-9A19-0894370D5767}.Debug|Any CPU.Build.0 = Debug|Any CPU
		{0E30491B-E646-4409-9A19-0894370D5767}.Release|Any CPU.ActiveCfg = Release|Any CPU
		{0E30491B-E646-4409-9A19-0894370D5767}.Release|Any CPU.Build.0 = Release|Any CPU
	EndGlobalSection
	GlobalSection(SolutionProperties) = preSolution
		HideSolutionNode = FALSE
	EndGlobalSection
	GlobalSection(ExtensibilityGlobals) = postSolution
		SolutionGuid = {79287FD2-4D23-4DB5-B084-31EED4637B5E}
	EndGlobalSection
EndGlobal
